{
    "name": "tcc-unicode-demo-app",
    "version": "1.0.0",
    "lockfileVersion": 3,
    "requires": true,
    "packages": {
        "": {
            "name": "tcc-unicode-demo-app",
            "version": "1.0.0",
            "dependencies": {
                "@tcc/runtime-metadata": "file:packages/runtime-metadata"
            }
        },
        "node_modules/@tcc/runtime-metadata": {
            "resolved": "packages/runtime-metadata",
            "link": true
        },
        "packages/runtime-metadata": {
            "name": "@tcc/runtime-metadata",
            "version": "1.0.0",
            "engines": {
                "node": ">=20"
            }
        }
    }
}
